
Microsoft Visual Studio Solution File, Format Version 12.00
# Visual Studio Version 16
VisualStudioVersion = 16.0.30413.136
MinimumVisualStudioVersion = 10.0.40219.1
Project("{FAE04EC0-301F-11D3-BF4B-00C04F79EFBC}") = "HashRef", "HashRef\HashRef.csproj", "{19B98A19-BA38-4E82-B80D-0BBE82CC688B}"
EndProject
Global
	GlobalSection(SolutionConfigurationPlatforms) = preSolution
		Debug|Any CPU = Debug|Any CPU
		Release|Any CPU = Release|Any CPU
	EndGlobalSection
	GlobalSection(ProjectConfigurationPlatforms) = postSolution
		{19B98A19-BA38-4E82-B80D-0BBE82CC688B}.Debug|Any CPU.ActiveCfg = Debug|Any CPU
		{19B98A19-BA38-4E82-B80D-0BBE82CC688B}.Debug|Any CPU.Build.0 = Debug|Any CPU
		{19B98A19-BA38-4E82-B80D-0BBE82CC688B}.Release|Any CPU.ActiveCfg = Release|Any CPU
		{19B98A19-BA38-4E82-B80D-0BBE82CC688B}.Release|Any CPU.Build.0 = Release|Any CPU
	EndGlobalSection
	GlobalSection(SolutionProperties) = preSolution
		HideSolutionNode = FALSE
	EndGlobalSection
	GlobalSection(ExtensibilityGlobals) = postSolution
		SolutionGuid = {EC999A42-1F7F-4340-B269-8CCDC729B762}
	EndGlobalSection
EndGlobal
