
Microsoft Visual Studio Solution File, Format Version 12.00
# Visual Studio Version 16
VisualStudioVersion = 16.0.30413.136
MinimumVisualStudioVersion = 10.0.40219.1
Project("{FAE04EC0-301F-11D3-BF4B-00C04F79EFBC}") = "TryItPage", "TryItPage\TryItPage.csproj", "{ED9DF25A-A458-4CDB-983A-5266955DBA90}"
	ProjectSection(ProjectDependencies) = postProject
		{18F1A135-60AB-450C-897A-E2E3FC6EB2AF} = {18F1A135-60AB-450C-897A-E2E3FC6EB2AF}
	EndProjectSection
EndProject
Project("{FAE04EC0-301F-11D3-BF4B-00C04F79EFBC}") = "HashRef", "HashRef\HashRef.csproj", "{18F1A135-60AB-450C-897A-E2E3FC6EB2AF}"
EndProject
Global
	GlobalSection(SolutionConfigurationPlatforms) = preSolution
		Debug|Any CPU = Debug|Any CPU
		Release|Any CPU = Release|Any CPU
	EndGlobalSection
	GlobalSection(ProjectConfigurationPlatforms) = postSolution
		{ED9DF25A-A458-4CDB-983A-5266955DBA90}.Debug|Any CPU.ActiveCfg = Debug|Any CPU
		{ED9DF25A-A458-4CDB-983A-5266955DBA90}.Debug|Any CPU.Build.0 = Debug|Any CPU
		{ED9DF25A-A458-4CDB-983A-5266955DBA90}.Release|Any CPU.ActiveCfg = Release|Any CPU
		{ED9DF25A-A458-4CDB-983A-5266955DBA90}.Release|Any CPU.Build.0 = Release|Any CPU
		{18F1A135-60AB-450C-897A-E2E3FC6EB2AF}.Debug|Any CPU.ActiveCfg = Debug|Any CPU
		{18F1A135-60AB-450C-897A-E2E3FC6EB2AF}.Debug|Any CPU.Build.0 = Debug|Any CPU
		{18F1A135-60AB-450C-897A-E2E3FC6EB2AF}.Release|Any CPU.ActiveCfg = Release|Any CPU
		{18F1A135-60AB-450C-897A-E2E3FC6EB2AF}.Release|Any CPU.Build.0 = Release|Any CPU
	EndGlobalSection
	GlobalSection(SolutionProperties) = preSolution
		HideSolutionNode = FALSE
	EndGlobalSection
	GlobalSection(ExtensibilityGlobals) = postSolution
		SolutionGuid = {3D9FB027-00F5-4E25-AF1C-9DD9E36B08E4}
	EndGlobalSection
EndGlobal
